
Microsoft Visual Studio Solution File, Format Version 12.00
# Visual Studio Version 16
VisualStudioVersion = 16.0.29709.97
MinimumVisualStudioVersion = 10.0.40219.1
Project("{FAE04EC0-301F-11D3-BF4B-00C04F79EFBC}") = "PeopleGenerator", "PeopleGenerator\PeopleGenerator.csproj", "{53EA0CB8-2637-428C-B90C-E404FB591B33}"
EndProject
Global
	GlobalSection(SolutionConfigurationPlatforms) = preSolution
		Debug|Any CPU = Debug|Any CPU
		Release|Any CPU = Release|Any CPU
	EndGlobalSection
	GlobalSection(ProjectConfigurationPlatforms) = postSolution
		{53EA0CB8-2637-428C-B90C-E404FB591B33}.Debug|Any CPU.ActiveCfg = Debug|Any CPU
		{53EA0CB8-2637-428C-B90C-E404FB591B33}.Debug|Any CPU.Build.0 = Debug|Any CPU
		{53EA0CB8-2637-428C-B90C-E404FB591B33}.Release|Any CPU.ActiveCfg = Release|Any CPU
		{53EA0CB8-2637-428C-B90C-E404FB591B33}.Release|Any CPU.Build.0 = Release|Any CPU
	EndGlobalSection
	GlobalSection(SolutionProperties) = preSolution
		HideSolutionNode = FALSE
	EndGlobalSection
	GlobalSection(ExtensibilityGlobals) = postSolution
		SolutionGuid = {3AAECD49-1FF4-4A41-B446-9789F1A3E0E7}
	EndGlobalSection
EndGlobal
